
Microsoft Visual Studio Solution File, Format Version 12.00
# Visual Studio Version 17
VisualStudioVersion = 17.8.34525.116
MinimumVisualStudioVersion = 10.0.40219.1
Project("{9A19103F-16F7-4668-BE54-9A1E7A4F7556}") = "Workspace", "Workspace\Workspace.csproj", "{48EBDEA6-E607-4670-8342-19790876437C}"
EndProject
Project("{FAE04EC0-301F-11D3-BF4B-00C04F79EFBC}") = "Entities", "Entities\Entities.csproj", "{E19DB2AF-51AF-4BC1-9AD5-0FF70CDBD3F0}"
EndProject
Project("{FAE04EC0-301F-11D3-BF4B-00C04F79EFBC}") = "Business", "Business\Business.csproj", "{3A4394CB-931D-43B7-A8E6-1C67400F6764}"
EndProject
Global
	GlobalSection(SolutionConfigurationPlatforms) = preSolution
		Debug|Any CPU = Debug|Any CPU
		Release|Any CPU = Release|Any CPU
	EndGlobalSection
	GlobalSection(ProjectConfigurationPlatforms) = postSolution
		{48EBDEA6-E607-4670-8342-19790876437C}.Debug|Any CPU.ActiveCfg = Debug|Any CPU
		{48EBDEA6-E607-4670-8342-19790876437C}.Debug|Any CPU.Build.0 = Debug|Any CPU
		{48EBDEA6-E607-4670-8342-19790876437C}.Release|Any CPU.ActiveCfg = Release|Any CPU
		{48EBDEA6-E607-4670-8342-19790876437C}.Release|Any CPU.Build.0 = Release|Any CPU
		{E19DB2AF-51AF-4BC1-9AD5-0FF70CDBD3F0}.Debug|Any CPU.ActiveCfg = Debug|Any CPU
		{E19DB2AF-51AF-4BC1-9AD5-0FF70CDBD3F0}.Debug|Any CPU.Build.0 = Debug|Any CPU
		{E19DB2AF-51AF-4BC1-9AD5-0FF70CDBD3F0}.Release|Any CPU.ActiveCfg = Release|Any CPU
		{E19DB2AF-51AF-4BC1-9AD5-0FF70CDBD3F0}.Release|Any CPU.Build.0 = Release|Any CPU
		{3A4394CB-931D-43B7-A8E6-1C67400F6764}.Debug|Any CPU.ActiveCfg = Debug|Any CPU
		{3A4394CB-931D-43B7-A8E6-1C67400F6764}.Debug|Any CPU.Build.0 = Debug|Any CPU
		{3A4394CB-931D-43B7-A8E6-1C67400F6764}.Release|Any CPU.ActiveCfg = Release|Any CPU
		{3A4394CB-931D-43B7-A8E6-1C67400F6764}.Release|Any CPU.Build.0 = Release|Any CPU
	EndGlobalSection
	GlobalSection(SolutionProperties) = preSolution
		HideSolutionNode = FALSE
	EndGlobalSection
	GlobalSection(ExtensibilityGlobals) = postSolution
		SolutionGuid = {AFD70795-2C24-4D5E-B677-DBF18AD3C503}
	EndGlobalSection
EndGlobal
